{
  "name": "@shopgate/theme-gmd",
  "version": "6.12.0-rc.1",
  "lockfileVersion": 1,
  "requires": true,
  "dependencies": {
    "@babel/helper-plugin-utils": {
      "version": "7.8.3",
      "resolved": "https://registry.npmjs.org/@babel/helper-plugin-utils/-/helper-plugin-utils-7.8.3.tgz",
      "integrity": "sha512-j+fq49Xds2smCUNYmEHF9kGNkhbet6yVIBp4e6oeQpH1RUs/Ir06xUKzDjDkGcaaokPiTNs2JBWHjaE4csUkZQ=="
    },
    "@babel/plugin-proposal-optional-chaining": {
      "version": "7.9.0",
      "resolved": "https://registry.npmjs.org/@babel/plugin-proposal-optional-chaining/-/plugin-proposal-optional-chaining-7.9.0.tgz",
      "integrity": "sha512-NDn5tu3tcv4W30jNhmc2hyD5c56G6cXx4TesJubhxrJeCvuuMpttxr0OnNCqbZGhFjLrg+NIhxxC+BK5F6yS3w==",
      "requires": {
        "@babel/helper-plugin-utils": "^7.8.3",
        "@babel/plugin-syntax-optional-chaining": "^7.8.0"
      }
    },
    "@babel/plugin-syntax-optional-chaining": {
      "version": "7.8.3",
      "resolved": "https://registry.npmjs.org/@babel/plugin-syntax-optional-chaining/-/plugin-syntax-optional-chaining-7.8.3.tgz",
      "integrity": "sha512-KoK9ErH1MBlCPxV0VANkXW2/dw4vlbGDrFgz8bmUsBGYkFRcbRwMh6cIJubdPrkxRwuGdtCk0v/wPTKbQgBjkg==",
      "requires": {
        "@babel/helper-plugin-utils": "^7.8.0"
      }
    }
  }
}
